
Microsoft Visual Studio Solution File, Format Version 12.00
# Visual Studio 2013
VisualStudioVersion = 12.0.31101.0
MinimumVisualStudioVersion = 10.0.40219.1
Project("{FAE04EC0-301F-11D3-BF4B-00C04F79EFBC}") = "WebApplicationTest", "WebApplicationTest\WebApplicationTest.csproj", "{060BA32D-D5B2-4C51-A62C-4288B8A1CE49}"
EndProject
Project("{FAE04EC0-301F-11D3-BF4B-00C04F79EFBC}") = "WebLibrary", "WebLibrary\WebLibrary.csproj", "{05502F4B-A54D-4E60-A5DA-35B14969ABF6}"
EndProject
Project("{FAE04EC0-301F-11D3-BF4B-00C04F79EFBC}") = "WCFServiceApp", "WCFServiceApp\WCFServiceApp.csproj", "{19A38FBE-3472-4DDF-9C23-C870762CB9F0}"
EndProject
Global
	GlobalSection(SolutionConfigurationPlatforms) = preSolution
		Debug|Any CPU = Debug|Any CPU
		Release|Any CPU = Release|Any CPU
	EndGlobalSection
	GlobalSection(ProjectConfigurationPlatforms) = postSolution
		{060BA32D-D5B2-4C51-A62C-4288B8A1CE49}.Debug|Any CPU.ActiveCfg = Debug|Any CPU
		{060BA32D-D5B2-4C51-A62C-4288B8A1CE49}.Debug|Any CPU.Build.0 = Debug|Any CPU
		{060BA32D-D5B2-4C51-A62C-4288B8A1CE49}.Release|Any CPU.ActiveCfg = Release|Any CPU
		{060BA32D-D5B2-4C51-A62C-4288B8A1CE49}.Release|Any CPU.Build.0 = Release|Any CPU
		{05502F4B-A54D-4E60-A5DA-35B14969ABF6}.Debug|Any CPU.ActiveCfg = Debug|Any CPU
		{05502F4B-A54D-4E60-A5DA-35B14969ABF6}.Debug|Any CPU.Build.0 = Debug|Any CPU
		{05502F4B-A54D-4E60-A5DA-35B14969ABF6}.Release|Any CPU.ActiveCfg = Release|Any CPU
		{05502F4B-A54D-4E60-A5DA-35B14969ABF6}.Release|Any CPU.Build.0 = Release|Any CPU
		{19A38FBE-3472-4DDF-9C23-C870762CB9F0}.Debug|Any CPU.ActiveCfg = Debug|Any CPU
		{19A38FBE-3472-4DDF-9C23-C870762CB9F0}.Debug|Any CPU.Build.0 = Debug|Any CPU
		{19A38FBE-3472-4DDF-9C23-C870762CB9F0}.Release|Any CPU.ActiveCfg = Release|Any CPU
		{19A38FBE-3472-4DDF-9C23-C870762CB9F0}.Release|Any CPU.Build.0 = Release|Any CPU
	EndGlobalSection
	GlobalSection(SolutionProperties) = preSolution
		HideSolutionNode = FALSE
	EndGlobalSection
EndGlobal
